
Microsoft Visual Studio Solution File, Format Version 12.00
# Visual Studio 14
VisualStudioVersion = 14.0.25420.1
MinimumVisualStudioVersion = 10.0.40219.1
Project("{FAE04EC0-301F-11D3-BF4B-00C04F79EFBC}") = "LiveCoding.TV .NET API Wrapper", "LiveCodingTV\LiveCoding.TV .NET API Wrapper.csproj", "{36C8BF1D-9F44-4461-870E-6951DFA43DD8}"
EndProject
Project("{FAE04EC0-301F-11D3-BF4B-00C04F79EFBC}") = "Console -GetUserInformation", "Tests\Console_GetUserInformation\Console -GetUserInformation.csproj", "{3FBDD3A0-0020-4FEA-BB02-BD32CBEDB2AB}"
EndProject
Project("{2150E333-8FDC-42A3-9474-1A3956D46DE8}") = "Tests", "Tests", "{2938F69F-DDF4-4A54-8055-E388FCAB8B28}"
EndProject
Project("{FAE04EC0-301F-11D3-BF4B-00C04F79EFBC}") = "WinForms - Implementing A GUI", "WinForms_GetUserInformation\WinForms - Implementing A GUI.csproj", "{5BC09953-B2B7-4200-A8B2-EDBD36BAD770}"
EndProject
Global
	GlobalSection(SolutionConfigurationPlatforms) = preSolution
		Debug|Any CPU = Debug|Any CPU
		Release|Any CPU = Release|Any CPU
	EndGlobalSection
	GlobalSection(ProjectConfigurationPlatforms) = postSolution
		{36C8BF1D-9F44-4461-870E-6951DFA43DD8}.Debug|Any CPU.ActiveCfg = Debug|Any CPU
		{36C8BF1D-9F44-4461-870E-6951DFA43DD8}.Debug|Any CPU.Build.0 = Debug|Any CPU
		{36C8BF1D-9F44-4461-870E-6951DFA43DD8}.Release|Any CPU.ActiveCfg = Release|Any CPU
		{36C8BF1D-9F44-4461-870E-6951DFA43DD8}.Release|Any CPU.Build.0 = Release|Any CPU
		{3FBDD3A0-0020-4FEA-BB02-BD32CBEDB2AB}.Debug|Any CPU.ActiveCfg = Debug|Any CPU
		{3FBDD3A0-0020-4FEA-BB02-BD32CBEDB2AB}.Debug|Any CPU.Build.0 = Debug|Any CPU
		{3FBDD3A0-0020-4FEA-BB02-BD32CBEDB2AB}.Release|Any CPU.ActiveCfg = Release|Any CPU
		{3FBDD3A0-0020-4FEA-BB02-BD32CBEDB2AB}.Release|Any CPU.Build.0 = Release|Any CPU
		{5BC09953-B2B7-4200-A8B2-EDBD36BAD770}.Debug|Any CPU.ActiveCfg = Debug|Any CPU
		{5BC09953-B2B7-4200-A8B2-EDBD36BAD770}.Debug|Any CPU.Build.0 = Debug|Any CPU
		{5BC09953-B2B7-4200-A8B2-EDBD36BAD770}.Release|Any CPU.ActiveCfg = Release|Any CPU
		{5BC09953-B2B7-4200-A8B2-EDBD36BAD770}.Release|Any CPU.Build.0 = Release|Any CPU
	EndGlobalSection
	GlobalSection(SolutionProperties) = preSolution
		HideSolutionNode = FALSE
	EndGlobalSection
	GlobalSection(NestedProjects) = preSolution
		{3FBDD3A0-0020-4FEA-BB02-BD32CBEDB2AB} = {2938F69F-DDF4-4A54-8055-E388FCAB8B28}
		{5BC09953-B2B7-4200-A8B2-EDBD36BAD770} = {2938F69F-DDF4-4A54-8055-E388FCAB8B28}
	EndGlobalSection
EndGlobal
